{
  "version": "4",
  "redirects": {
    "https://esm.sh/@types/combined-stream@~1.0.6/index.d.ts": "https://esm.sh/@types/combined-stream@1.0.6/index.d.ts",
    "https://esm.sh/@types/debug@~4.1.12/index.d.ts": "https://esm.sh/@types/debug@4.1.12/index.d.ts",
    "https://esm.sh/@types/follow-redirects@~1.14.4/index.d.ts": "https://esm.sh/@types/follow-redirects@1.14.4/index.d.ts",
    "https://esm.sh/@types/get-intrinsic@~1.2.3/index.d.ts": "https://esm.sh/@types/get-intrinsic@1.2.3/index.d.ts",
    "https://esm.sh/@types/jsonwebtoken@~9.0.7/index.d.ts": "https://esm.sh/@types/jsonwebtoken@9.0.8/index.d.ts",
    "https://esm.sh/@types/jws@~3.2.10/index.d.ts": "https://esm.sh/@types/jws@3.2.10/index.d.ts",
    "https://esm.sh/@types/lodash.includes@~4.3.9/index.d.ts": "https://esm.sh/@types/lodash.includes@4.3.9/index.d.ts",
    "https://esm.sh/@types/lodash.isboolean@~3.0.9/index.d.ts": "https://esm.sh/@types/lodash.isboolean@3.0.9/index.d.ts",
    "https://esm.sh/@types/lodash.isinteger@~4.0.9/index.d.ts": "https://esm.sh/@types/lodash.isinteger@4.0.9/index.d.ts",
    "https://esm.sh/@types/lodash.isnumber@~3.0.9/index.d.ts": "https://esm.sh/@types/lodash.isnumber@3.0.9/index.d.ts",
    "https://esm.sh/@types/lodash.isplainobject@~4.0.9/index.d.ts": "https://esm.sh/@types/lodash.isplainobject@4.0.9/index.d.ts",
    "https://esm.sh/@types/lodash.isstring@~4.0.9/index.d.ts": "https://esm.sh/@types/lodash.isstring@4.0.9/index.d.ts",
    "https://esm.sh/@types/lodash.once@~4.1.9/index.d.ts": "https://esm.sh/@types/lodash.once@4.1.9/index.d.ts",
    "https://esm.sh/@types/mime-types@~2.1.4/index.d.ts": "https://esm.sh/@types/mime-types@2.1.4/index.d.ts",
    "https://esm.sh/@types/object-inspect@~1.13.0/index.d.ts": "https://esm.sh/@types/object-inspect@1.13.0/index.d.ts",
    "https://esm.sh/@types/proxy-from-env@~1.0.4/index.d.ts": "https://esm.sh/@types/proxy-from-env@1.0.4/index.d.ts",
    "https://esm.sh/@types/qs@~6.9.18/index.d.ts": "https://esm.sh/@types/qs@6.9.18/index.d.ts",
    "https://esm.sh/@types/querystringify@~2.0.2/index.d.ts": "https://esm.sh/@types/querystringify@2.0.2/index.d.ts",
    "https://esm.sh/@types/requires-port@~1.0.3/index.d.ts": "https://esm.sh/@types/requires-port@1.0.3/index.d.ts",
    "https://esm.sh/@types/semver@~7.5.8/index.d.ts": "https://esm.sh/@types/semver@7.5.8/index.d.ts",
    "https://esm.sh/@types/url-parse@~1.4.11/index.d.ts": "https://esm.sh/@types/url-parse@1.4.11/index.d.ts",
    "https://esm.sh/agent-base@6?target=denonext": "https://esm.sh/agent-base@6.0.2?target=denonext",
    "https://esm.sh/asynckit@^0.4.0?target=denonext": "https://esm.sh/asynckit@0.4.0?target=denonext",
    "https://esm.sh/axios@^1.6.0?target=denonext": "https://esm.sh/axios@1.7.9?target=denonext",
    "https://esm.sh/call-bind-apply-helpers@^1.0.1/functionApply?target=denonext": "https://esm.sh/call-bind-apply-helpers@1.0.1/functionApply?target=denonext",
    "https://esm.sh/call-bind-apply-helpers@^1.0.1/functionCall?target=denonext": "https://esm.sh/call-bind-apply-helpers@1.0.1/functionCall?target=denonext",
    "https://esm.sh/call-bind-apply-helpers@^1.0.1?target=denonext": "https://esm.sh/call-bind-apply-helpers@1.0.1?target=denonext",
    "https://esm.sh/call-bound@^1.0.2?target=denonext": "https://esm.sh/call-bound@1.0.3?target=denonext",
    "https://esm.sh/combined-stream@^1.0.8?target=denonext": "https://esm.sh/combined-stream@1.0.8?target=denonext",
    "https://esm.sh/dayjs@^1.11.9/plugin/utc?target=denonext": "https://esm.sh/dayjs@1.11.13/plugin/utc?target=denonext",
    "https://esm.sh/dayjs@^1.11.9?target=denonext": "https://esm.sh/dayjs@1.11.13?target=denonext",
    "https://esm.sh/debug?target=denonext": "https://esm.sh/debug@4.4.0?target=denonext",
    "https://esm.sh/debug@4?target=denonext": "https://esm.sh/debug@4.4.0?target=denonext",
    "https://esm.sh/delayed-stream@~1.0.0?target=denonext": "https://esm.sh/delayed-stream@1.0.0?target=denonext",
    "https://esm.sh/dunder-proto@^1.0.1/get?target=denonext": "https://esm.sh/dunder-proto@1.0.1/get?target=denonext",
    "https://esm.sh/es-object-atoms@^1.0.0?target=denonext": "https://esm.sh/es-object-atoms@1.1.1?target=denonext",
    "https://esm.sh/follow-redirects@^1.15.6?target=denonext": "https://esm.sh/follow-redirects@1.15.9?target=denonext",
    "https://esm.sh/form-data@^4.0.0?target=denonext": "https://esm.sh/form-data@4.0.1?target=denonext",
    "https://esm.sh/get-intrinsic@^1.2.5?target=denonext": "https://esm.sh/get-intrinsic@1.2.7?target=denonext",
    "https://esm.sh/get-intrinsic@^1.2.6?target=denonext": "https://esm.sh/get-intrinsic@1.2.7?target=denonext",
    "https://esm.sh/get-proto@^1.0.0/Object.getPrototypeOf?target=denonext": "https://esm.sh/get-proto@1.0.1/Object.getPrototypeOf?target=denonext",
    "https://esm.sh/get-proto@^1.0.0/Reflect.getPrototypeOf?target=denonext": "https://esm.sh/get-proto@1.0.1/Reflect.getPrototypeOf?target=denonext",
    "https://esm.sh/get-proto@^1.0.0?target=denonext": "https://esm.sh/get-proto@1.0.1?target=denonext",
    "https://esm.sh/https-proxy-agent@^5.0.0?target=denonext": "https://esm.sh/https-proxy-agent@5.0.1?target=denonext",
    "https://esm.sh/jsonwebtoken@^9.0.0?target=denonext": "https://esm.sh/jsonwebtoken@9.0.2?target=denonext",
    "https://esm.sh/jwa@^1.4.1?target=denonext": "https://esm.sh/jwa@1.4.1?target=denonext",
    "https://esm.sh/jws@^3.2.2?target=denonext": "https://esm.sh/jws@3.2.2?target=denonext",
    "https://esm.sh/lodash.includes@^4.3.0?target=denonext": "https://esm.sh/lodash.includes@4.3.0?target=denonext",
    "https://esm.sh/lodash.isboolean@^3.0.3?target=denonext": "https://esm.sh/lodash.isboolean@3.0.3?target=denonext",
    "https://esm.sh/lodash.isinteger@^4.0.4?target=denonext": "https://esm.sh/lodash.isinteger@4.0.4?target=denonext",
    "https://esm.sh/lodash.isnumber@^3.0.3?target=denonext": "https://esm.sh/lodash.isnumber@3.0.3?target=denonext",
    "https://esm.sh/lodash.isplainobject@^4.0.6?target=denonext": "https://esm.sh/lodash.isplainobject@4.0.6?target=denonext",
    "https://esm.sh/lodash.isstring@^4.0.1?target=denonext": "https://esm.sh/lodash.isstring@4.0.1?target=denonext",
    "https://esm.sh/lodash.once@^4.0.0?target=denonext": "https://esm.sh/lodash.once@4.1.1?target=denonext",
    "https://esm.sh/math-intrinsics@^1.1.0/abs?target=denonext": "https://esm.sh/math-intrinsics@1.1.0/abs?target=denonext",
    "https://esm.sh/math-intrinsics@^1.1.0/floor?target=denonext": "https://esm.sh/math-intrinsics@1.1.0/floor?target=denonext",
    "https://esm.sh/math-intrinsics@^1.1.0/max?target=denonext": "https://esm.sh/math-intrinsics@1.1.0/max?target=denonext",
    "https://esm.sh/math-intrinsics@^1.1.0/min?target=denonext": "https://esm.sh/math-intrinsics@1.1.0/min?target=denonext",
    "https://esm.sh/math-intrinsics@^1.1.0/pow?target=denonext": "https://esm.sh/math-intrinsics@1.1.0/pow?target=denonext",
    "https://esm.sh/math-intrinsics@^1.1.0/round?target=denonext": "https://esm.sh/math-intrinsics@1.1.0/round?target=denonext",
    "https://esm.sh/math-intrinsics@^1.1.0/sign?target=denonext": "https://esm.sh/math-intrinsics@1.1.0/sign?target=denonext",
    "https://esm.sh/mime-types@^2.1.12?target=denonext": "https://esm.sh/mime-types@2.1.35?target=denonext",
    "https://esm.sh/ms@^2.1.1?target=denonext": "https://esm.sh/ms@2.1.3?target=denonext",
    "https://esm.sh/ms@^2.1.3?target=denonext": "https://esm.sh/ms@2.1.3?target=denonext",
    "https://esm.sh/object-inspect@^1.13.3?target=denonext": "https://esm.sh/object-inspect@1.13.4?target=denonext",
    "https://esm.sh/proxy-from-env@^1.1.0?target=denonext": "https://esm.sh/proxy-from-env@1.1.0?target=denonext",
    "https://esm.sh/qs@^6.9.4?target=denonext": "https://esm.sh/qs@6.14.0?target=denonext",
    "https://esm.sh/querystringify@^2.1.1?target=denonext": "https://esm.sh/querystringify@2.2.0?target=denonext",
    "https://esm.sh/requires-port@^1.0.0?target=denonext": "https://esm.sh/requires-port@1.0.0?target=denonext",
    "https://esm.sh/safe-buffer@^5.0.1?target=denonext": "https://esm.sh/safe-buffer@5.2.1?target=denonext",
    "https://esm.sh/scmp@^2.1.0?target=denonext": "https://esm.sh/scmp@2.1.0?target=denonext",
    "https://esm.sh/semver@^7.5.4?target=denonext": "https://esm.sh/semver@7.7.1?target=denonext",
    "https://esm.sh/side-channel-list@^1.0.0?target=denonext": "https://esm.sh/side-channel-list@1.0.0?target=denonext",
    "https://esm.sh/side-channel-map@^1.0.1?target=denonext": "https://esm.sh/side-channel-map@1.0.1?target=denonext",
    "https://esm.sh/side-channel-weakmap@^1.0.2?target=denonext": "https://esm.sh/side-channel-weakmap@1.0.2?target=denonext",
    "https://esm.sh/side-channel@^1.1.0?target=denonext": "https://esm.sh/side-channel@1.1.0?target=denonext",
    "https://esm.sh/supports-color?target=denonext": "https://esm.sh/supports-color@10.0.0?target=denonext",
    "https://esm.sh/url-parse@^1.5.9?target=denonext": "https://esm.sh/url-parse@1.5.10?target=denonext",
    "https://esm.sh/xmlbuilder@^13.0.2?target=denonext": "https://esm.sh/xmlbuilder@13.0.2?target=denonext"
  },
  "remote": {
    "https://deno.land/std@0.150.0/media_types/_util.ts": "ce9b4fc4ba1c447dafab619055e20fd88236ca6bdd7834a21f98bd193c3fbfa1",
    "https://deno.land/std@0.150.0/media_types/mod.ts": "2d4b6f32a087029272dc59e0a55ae3cc4d1b27b794ccf528e94b1925795b3118",
    "https://deno.land/std@0.150.0/media_types/vendor/mime-db.v1.52.0.ts": "724cee25fa40f1a52d3937d6b4fbbfdd7791ff55e1b7ac08d9319d5632c7f5af",
    "https://deno.land/x/xhr@0.3.0/mod.ts": "094aacd627fd9635cd942053bf8032b5223b909858fa9dc8ffa583752ff63b20",
    "https://esm.sh/agent-base@6.0.2/denonext/agent-base.mjs": "0c0b763755e6a764fbadbe58595e60d610de470db095f4c9ef9176ff5f32a7f2",
    "https://esm.sh/agent-base@6.0.2?target=denonext": "3ec2292e9b1ebcf0dbf6e4744a6746b74b5daed730cbd49045c04cae350bf2e0",
    "https://esm.sh/asynckit@0.4.0/denonext/asynckit.mjs": "4ef3be6eb52c104699b90ca5524db55ec15bc76b361432f05c16b6106279ba72",
    "https://esm.sh/asynckit@0.4.0?target=denonext": "c6bd8832d6d16b648e22d124a16d33c3a7f7076e92be9444f2e4f6b27545708d",
    "https://esm.sh/axios@1.7.9/denonext/axios.mjs": "85c4c6667562b8a7c13504d7d4691ad54c9099e97664314d791f0b1bc5c71b3a",
    "https://esm.sh/axios@1.7.9/denonext/lib/adapters/http.mjs": "07a1579baeebe644410f0cc820addc26efd5902fdea2d8a9a78faca9140157f4",
    "https://esm.sh/axios@1.7.9/denonext/lib/adapters/xhr.mjs": "d457e7263206ef1530700e504dfa239dfc6d4b7acc6ee307f282e7d9f478cee6",
    "https://esm.sh/axios@1.7.9/denonext/lib/cancel/CanceledError.mjs": "11a978f849567e51a3339fabf34affc0e37cb12a589d272f45ccb7ba5166bb00",
    "https://esm.sh/axios@1.7.9/denonext/lib/core/AxiosError.mjs": "08e3367ba5822f8d1d2371108110155ac8446c28783179bed612993ae39f2d7e",
    "https://esm.sh/axios@1.7.9/denonext/lib/core/AxiosHeaders.mjs": "72323f720e992ba1ac9cb9f5375efc11dcb93438410a9c30b00ecf02e01eeb40",
    "https://esm.sh/axios@1.7.9/denonext/lib/core/mergeConfig.mjs": "7abf8de8e52a6f111559f3e86a33a8c14c7c1e8dc2027affc6145f20941dd53a",
    "https://esm.sh/axios@1.7.9/denonext/lib/defaults/transitional.mjs": "3b86e7dcd9c1c958e36a9cf83931745dd104bf8567f895b6cf1feeccc3b7e7f2",
    "https://esm.sh/axios@1.7.9/denonext/lib/helpers/AxiosURLSearchParams.mjs": "5a70e97a03dfa2f00a98df190e9bb5cb82842a0753bb104707f2e21380f3166c",
    "https://esm.sh/axios@1.7.9/denonext/lib/helpers/bind.mjs": "566b3d76467f5b36ee1f7913ec3b47adaed3462a5140a8e5f45f3eb16ea95f25",
    "https://esm.sh/axios@1.7.9/denonext/lib/helpers/progressEventReducer.mjs": "6b78130bfb1f880dbf0a6f550e7d604da204cdcb08176522d2e3f68b34d2f792",
    "https://esm.sh/axios@1.7.9/denonext/lib/helpers/resolveConfig.mjs": "25a941d37a0c5e5e26453dc732f5cbf026d441b3acbf9ee6ab53fc53bd832948",
    "https://esm.sh/axios@1.7.9/denonext/lib/helpers/toFormData.mjs": "c896b5ff5735ff624c21ebe4fe2c33f79652ed0ebe08df57770324f529081601",
    "https://esm.sh/axios@1.7.9/denonext/lib/platform/index.mjs": "87ea40ce9fafb9d5cd85c0e7803e486a8d07c2ba962610649558c4766b4dbdd9",
    "https://esm.sh/axios@1.7.9/denonext/unsafe/core/buildFullPath.mjs": "ee3ae97c98b883f2e75be6e6e409e7832bc9073e7eab228e89ddf9de9e7e4fde",
    "https://esm.sh/axios@1.7.9/denonext/unsafe/core/settle.mjs": "eaacb0d46d199e3ae061be861de09f7c503958f9e1c92d7fdf46c084fbe2b5c6",
    "https://esm.sh/axios@1.7.9/denonext/unsafe/helpers/buildURL.mjs": "657552aceaccfd889ed8e54f5b73e286da8eedf6c140dbc2e6c7ee7cba294141",
    "https://esm.sh/axios@1.7.9/denonext/unsafe/helpers/combineURLs.mjs": "b93d3b205342682d357e1c78d0145638095005a5cb9a7e6684f7498adce0c1bd",
    "https://esm.sh/axios@1.7.9/denonext/unsafe/helpers/isAbsoluteURL.mjs": "05a644b2c55eabec8c3428ab40f6afad729a49bbe336361e9c27484a5db7fbfe",
    "https://esm.sh/axios@1.7.9/denonext/unsafe/utils.mjs": "630864dd3be1e536289d7abbe477a797dc39d19b8c097b48ef90842e84c291fa",
    "https://esm.sh/axios@1.7.9?target=denonext": "4f0cb140ed6c9bb58e932561d61c212177daa22066290f95bda78784a675e546",
    "https://esm.sh/buffer-equal-constant-time@1.0.1/denonext/buffer-equal-constant-time.mjs": "c83a9e435334af6863aef9f50bd7d1a855e95055ba8af6dde63eaf674791f64b",
    "https://esm.sh/call-bind-apply-helpers@1.0.1/denonext/actualApply.mjs": "dfb2d877ebc78eca95d9c984ec39f34bebf76e5e9586ba1798d08727c6cda9bf",
    "https://esm.sh/call-bind-apply-helpers@1.0.1/denonext/call-bind-apply-helpers.mjs": "da06adfcca36db0654780b3d53c8ba47d750aaf4f11e3b8a2b7b9b45debbdfbe",
    "https://esm.sh/call-bind-apply-helpers@1.0.1/denonext/functionApply.mjs": "3c87d8da453cf3fb672130e6e9ac3b27d4db7f91b3993506fd1be2823847819d",
    "https://esm.sh/call-bind-apply-helpers@1.0.1/denonext/functionCall.mjs": "3ad7b6fda79354350329ff2bcb007e154b8ca073baef58802e7e498814121485",
    "https://esm.sh/call-bind-apply-helpers@1.0.1/denonext/reflectApply.mjs": "a9c42a22880ba81f18e287ce07d994ebcaa69d735cd37e89a0f9a3dc5ff3c478",
    "https://esm.sh/call-bind-apply-helpers@1.0.1/functionApply?target=denonext": "d7b958da1ac8a06868afbedaf326f7123a4ceaee45e33b7ed7b005528f034209",
    "https://esm.sh/call-bind-apply-helpers@1.0.1/functionCall?target=denonext": "be5e331d81442d514cce1185160527b5c8aa30501123029e7218db857c0bcb72",
    "https://esm.sh/call-bind-apply-helpers@1.0.1?target=denonext": "8594948f859290069263de003401a69474e9cf27780d0935ef5d164064474525",
    "https://esm.sh/call-bound@1.0.3/denonext/call-bound.mjs": "dfeb1a148e02de6b52d9cdbd58b022560356e7114c4316a0a42dc74796ac89ed",
    "https://esm.sh/call-bound@1.0.3?target=denonext": "6a9c7d14fe34ec16e3586707a6dab3e50f698a09b9905cef2231f3fa10bcc093",
    "https://esm.sh/combined-stream@1.0.8/denonext/combined-stream.mjs": "364b91aa4c33e5f0b4075949d93a3407b21a8695031e7c2be29999d588f9ca2c",
    "https://esm.sh/combined-stream@1.0.8?target=denonext": "a0c89b8b29494e966774c7a708e33cc2df16a0bbe2279c841d088e169e7ab3c4",
    "https://esm.sh/dayjs@1.11.13/denonext/dayjs.mjs": "a6d8258bec464149ab2c9ae26e4bd3736897828586b03f8fea45403080bf8a80",
    "https://esm.sh/dayjs@1.11.13/denonext/plugin/utc.mjs": "7e89223a0933377aaa5fd52d97f116ed3d48c93d5b2ed305d86bde9e496b3e12",
    "https://esm.sh/dayjs@1.11.13/plugin/utc?target=denonext": "2e41a0673e6e7c7c962983f1680911ef6feb27ded6007bc7705787ac1b2637b7",
    "https://esm.sh/dayjs@1.11.13?target=denonext": "89c34b8b3f7b970708114b4d264c9430c30eb0c2eab1419410c77ffefa18fe2c",
    "https://esm.sh/debug@4.4.0/denonext/debug.mjs": "3077d1ff15cfc5b7baee65b0c00b3200aef8ab51ddddfa960972957c347c1cee",
    "https://esm.sh/debug@4.4.0?target=denonext": "dc29873ca5518385fcbddb2b2fa0f3b31dc6463ba52bdd790818683b9dbdc6ad",
    "https://esm.sh/delayed-stream@1.0.0/denonext/delayed-stream.mjs": "051a3501b7b3d3c593b78a2c7305093a8e363c518cd156f1a77117185e312abe",
    "https://esm.sh/delayed-stream@1.0.0?target=denonext": "d363b81e01f4c886114df14aa660c1a938bbb4be851ff12132260bed0db6126e",
    "https://esm.sh/dunder-proto@1.0.1/denonext/get.mjs": "8249c9d4dfb0c1f5ee60df6588c77153a4da927b2759e7059b4124c69a8e9223",
    "https://esm.sh/dunder-proto@1.0.1/get?target=denonext": "13d001daa54e39c69fe8034e0f54ecf326c1b44fcdf005b47a16087c535ee15e",
    "https://esm.sh/ecdsa-sig-formatter@1.0.11/denonext/ecdsa-sig-formatter.mjs": "08370379943e48e31cda373711fe5528f60b3d3d992fae7c0d520ef55607640e",
    "https://esm.sh/es-object-atoms@1.1.1/denonext/es-object-atoms.mjs": "002f305a1112ee598445ab88204560f9e3e1595d4086d4b044d845364df196d1",
    "https://esm.sh/es-object-atoms@1.1.1?target=denonext": "42f0f1f77d6dc7e20b9510cd914b97e8f20c57c218bccd433292a9d86a7f2123",
    "https://esm.sh/follow-redirects@1.15.9/denonext/follow-redirects.mjs": "90866d22d80eface74d3161906835600fbb1d5c9ded05dc72fd55b40960cfce7",
    "https://esm.sh/follow-redirects@1.15.9?target=denonext": "c8028ec9d980a1974362377614a4978d1556ba85a75bc32526e8917bede535d1",
    "https://esm.sh/form-data@4.0.1/denonext/form-data.mjs": "b51c64cee153fb3b94f437444007a134523e3b16d2713a3b8b7ef97bbe46dd12",
    "https://esm.sh/form-data@4.0.1?target=denonext": "12c5cd01c82458738f858b5f94f2a9a44732aa6b03f755f00cb655d6faed1077",
    "https://esm.sh/get-intrinsic@1.2.7/denonext/get-intrinsic.mjs": "b72ad88046291e595e708b2209f070ce521652e4c5336800ee72c7ccea400de2",
    "https://esm.sh/get-intrinsic@1.2.7?target=denonext": "00ce269b4e57490a5bc61ed0839417ee578da0af0a2ce49cc8710a277dd7f95b",
    "https://esm.sh/get-proto@1.0.1/Object.getPrototypeOf?target=denonext": "07ea2fdda9026eb3b7e18eff95a1314a82db3b37efd0e4a1b7bd91c454bfd492",
    "https://esm.sh/get-proto@1.0.1/Reflect.getPrototypeOf?target=denonext": "08346568b8d1b2532dfff0affbb99b0400960313cb1b350969f9ca1f889ac700",
    "https://esm.sh/get-proto@1.0.1/denonext/Object.getPrototypeOf.mjs": "d62989d14e99b23a7604030f5b2c176b55067bd790d9056fd7b8a7f324c13c62",
    "https://esm.sh/get-proto@1.0.1/denonext/Reflect.getPrototypeOf.mjs": "4b884fb35dbdc6b2a67708f195cf46435514a7eb3930578453176aafe59d49fe",
    "https://esm.sh/get-proto@1.0.1/denonext/get-proto.mjs": "0e4ddb145c883b3f941aeba555feb48b9f177838d070449782265daf59b77377",
    "https://esm.sh/get-proto@1.0.1?target=denonext": "fa3e52250f16f485da729565f1f41dcbb23edeb64420db0146e374cc835c9b04",
    "https://esm.sh/https-proxy-agent@5.0.1/denonext/https-proxy-agent.mjs": "00801bfde0c48820cad4579eee098de1350913118aa126ff65ffab518a7f4141",
    "https://esm.sh/https-proxy-agent@5.0.1?target=denonext": "983271760921650552b0e33fd2ee731f6352f207842fdb235e8d866316ffa33d",
    "https://esm.sh/jsonwebtoken@9.0.2/denonext/jsonwebtoken.mjs": "597d83c5fcd31434914aebb920f210e525dc3c0cce9a5c7333420b0c72299d16",
    "https://esm.sh/jsonwebtoken@9.0.2?target=denonext": "76a17587b04be9dfee91197bb0119b0be3a6a53ec05cc63d44292077bc03c0f7",
    "https://esm.sh/jwa@1.4.1/denonext/jwa.mjs": "fb2de82e653ed6ed5432adb25567772ea9044f241d209c569b23eee07ab50176",
    "https://esm.sh/jwa@1.4.1?target=denonext": "10b18f9707bf3a08b740be74a3bf349ad0e483cf3c5bfa305a023a8c5cb0056e",
    "https://esm.sh/jws@3.2.2/denonext/jws.mjs": "ed1560f6cd91af6f57bdf5132ffc6a126619d003c5d5e7680fb0b310dbf61ad8",
    "https://esm.sh/jws@3.2.2?target=denonext": "e5b49eed4c39c26f02dafda1f75776a1ed468df4b36f8eb0f5a36e036a7af0f2",
    "https://esm.sh/lodash.includes@4.3.0/denonext/lodash.includes.mjs": "7891d8e1db31f196dad13cfea5d8c9cd7b57e556e852bde44a32b9c95f52f769",
    "https://esm.sh/lodash.includes@4.3.0?target=denonext": "52552ec9e8b0ee8dff8bd6743edb4ff57c1c1dc31fe13061c1fd6b023e26c0dd",
    "https://esm.sh/lodash.isboolean@3.0.3/denonext/lodash.isboolean.mjs": "62346e63e84456d408ad9cdd38dc122ea4fecef67b7682c9ef311a9d9376ebb4",
    "https://esm.sh/lodash.isboolean@3.0.3?target=denonext": "df362bed13151ed14dc4fea8a56582f7d5165ab057225f20f7a19933bc030603",
    "https://esm.sh/lodash.isinteger@4.0.4/denonext/lodash.isinteger.mjs": "661e55e1960486dc985a2dd833c942f79874d2c3d82d89b62d92a7c2d4fb1976",
    "https://esm.sh/lodash.isinteger@4.0.4?target=denonext": "1355063df9b6e29a874a0f22874b86abcb7520182efcd5e543ded4209ff4485c",
    "https://esm.sh/lodash.isnumber@3.0.3/denonext/lodash.isnumber.mjs": "406375117efebf18a311f7b9a9cde5b961f2b96589c6e70e7805ae8f9b233186",
    "https://esm.sh/lodash.isnumber@3.0.3?target=denonext": "129cd84408b3f202f339cfbde411d7e3573414128574123b94375b330cfd02b4",
    "https://esm.sh/lodash.isplainobject@4.0.6/denonext/lodash.isplainobject.mjs": "52baba5dc85a16aa38f54fcbbbf47ffe8b3c9d84e788a5199a20eab9135dd35a",
    "https://esm.sh/lodash.isplainobject@4.0.6?target=denonext": "aaf731d53ff27671d17a5e700371eb7d073496e7c099a537c05dd1df6606a54e",
    "https://esm.sh/lodash.isstring@4.0.1/denonext/lodash.isstring.mjs": "27f803808b3f189fa994d1b3784e13b2978976bf17c06050ee311e7f54b0db32",
    "https://esm.sh/lodash.isstring@4.0.1?target=denonext": "dc33fab7958cad340a76cc58bd2f30ad22ee63b00eac0bc2d9a4110049cdfddc",
    "https://esm.sh/lodash.once@4.1.1/denonext/lodash.once.mjs": "d98a09cbf4f8520f256be230ba50e9cae609b73bc8ffd2f6bf388099ea2f50b1",
    "https://esm.sh/lodash.once@4.1.1?target=denonext": "46682cfe5d75f572d14c6a3c4c5da23d597d80d0552fea124b72a2359bb4b37d",
    "https://esm.sh/math-intrinsics@1.1.0/abs?target=denonext": "b43b9b3996b29cda49a1ad6d71b876095144b3252c761b4338e8870e5073542e",
    "https://esm.sh/math-intrinsics@1.1.0/denonext/abs.mjs": "08304368394a36ee89a52def8a533da1f7c602891647a3e10543a8bbdb746c8b",
    "https://esm.sh/math-intrinsics@1.1.0/denonext/floor.mjs": "c5e41bb95fa47641ca012faa0a093eef6401d3ace4479a85e39cf726eb184785",
    "https://esm.sh/math-intrinsics@1.1.0/denonext/isNaN.mjs": "4c0aa9576873f1a60fc724bf6a7959ae3eb30e6b002aa3a94a00f6d071ae4fb2",
    "https://esm.sh/math-intrinsics@1.1.0/denonext/max.mjs": "d7b63113695c5fef18e6c505fb0db439cefefe5d6578283207bbed54287c53e9",
    "https://esm.sh/math-intrinsics@1.1.0/denonext/min.mjs": "445c0cbc6acecab1076657ce2b3ce8783b6bd7ec638b76b128dae98a92a9876a",
    "https://esm.sh/math-intrinsics@1.1.0/denonext/pow.mjs": "b15d61336938ae7d84cd9e223509cb576cc2b89a34ec678889c6cdc82bfdd45c",
    "https://esm.sh/math-intrinsics@1.1.0/denonext/round.mjs": "a96681000e62bc8c0ff3582a77981fc88fa3034ed5bb85b3e1a15047eeb954b6",
    "https://esm.sh/math-intrinsics@1.1.0/denonext/sign.mjs": "323a0314efc3a9892beebf5cdd3b6a1d71986821b58548b3a593f8103e4c49b0",
    "https://esm.sh/math-intrinsics@1.1.0/floor?target=denonext": "58bd34b24e7c69b79e09243ed99bf0aa35e0423524c5d6f3986d46f72b19cdab",
    "https://esm.sh/math-intrinsics@1.1.0/max?target=denonext": "67e6a93d9f2dd0eb70967013abd67be262b7651e05c4384c9899621ed29db5bb",
    "https://esm.sh/math-intrinsics@1.1.0/min?target=denonext": "869cb45f08e5642671cb4e0078b73fae5e767656e7ab86a208ca721d67b42fb1",
    "https://esm.sh/math-intrinsics@1.1.0/pow?target=denonext": "4f42df7a6c0593efdb1edb840affe3a464884ac3287fa18b03810021ee55a5fb",
    "https://esm.sh/math-intrinsics@1.1.0/round?target=denonext": "635d454d1f3fe901ab84dc7508ca8ba90825085b051278f083986ab8d763e675",
    "https://esm.sh/math-intrinsics@1.1.0/sign?target=denonext": "67eede9463cdb90393f9e449e8d6d59283db42ff1793fc381292a5612e535cfe",
    "https://esm.sh/mime-db@1.52.0/denonext/mime-db.mjs": "f93feb3d7150014b71bd0d06c5bd819db56a089b31b8b79a3b0466bb37ef005e",
    "https://esm.sh/mime-types@2.1.35/denonext/mime-types.mjs": "704bdb318816fe1360c90a196f7cb3ba6e25fe207707cc2df873f890ad2e5f44",
    "https://esm.sh/mime-types@2.1.35?target=denonext": "e4cc9a1aabecc1be22d194375ec3b99cc9d51700cc4629ab689975451c0a8ce5",
    "https://esm.sh/ms@2.1.3/denonext/ms.mjs": "9039464da1f4ae1c2042742d335c82556c048bbe49449b5d0cd5198193afa147",
    "https://esm.sh/ms@2.1.3?target=denonext": "36f5aa7503ff0ff44ce9e3155a60362d8d3ae5db8db048be5764a3a515b6a263",
    "https://esm.sh/object-inspect@1.13.4/denonext/object-inspect.mjs": "45c312125d1f5469db2840085ce40fa3fbaab81bebcb4b2f79153f9eeaa05230",
    "https://esm.sh/object-inspect@1.13.4?target=denonext": "426a13b7cd2fb610060e1d943f1ae802ef3873c2055b80dd75b39fddcb5b91f9",
    "https://esm.sh/proxy-from-env@1.1.0/denonext/proxy-from-env.mjs": "f60f9c79fc3baa07c13c800798d645ae70d1b2059b8d593dcd4f8c5710b50333",
    "https://esm.sh/proxy-from-env@1.1.0?target=denonext": "bf02a050a1a6aa56ddba25dbea2c355da294630e5c5520fddea4b2f30a9292bc",
    "https://esm.sh/qs@6.14.0/denonext/qs.mjs": "f3f15ab42c057304bab52a0083c74891bdef41d23542d32aebb8d2d955d798cd",
    "https://esm.sh/qs@6.14.0?target=denonext": "19dca1bf1e9b969c23877e2894bfce01d36a629b0a8d3f5696c0c3e249a370da",
    "https://esm.sh/querystringify@2.2.0/denonext/querystringify.mjs": "9785a463d587eae6d3cf0fc1e6e5ff2af165c8d9b920f26165c2991b5ce837b2",
    "https://esm.sh/querystringify@2.2.0?target=denonext": "fa80faff4709f72422e46f24fae0ce58b44300ebcbba9d988d8fda211b0bfb69",
    "https://esm.sh/requires-port@1.0.0/denonext/requires-port.mjs": "4ed7f15c2a35d1e8b529c758202a7837ab4a4f92c984c2f34ec40d81aa259190",
    "https://esm.sh/requires-port@1.0.0?target=denonext": "d75e802ef14a2ff2956831bd0740889ded22458abcc066aaddb751ec2c9b7444",
    "https://esm.sh/safe-buffer@5.2.1/denonext/safe-buffer.mjs": "51b088d69d0bbf6d7ce4179853887e105715df40e432a3bff0e9575cc2285276",
    "https://esm.sh/safe-buffer@5.2.1?target=denonext": "34028b9647c849fa96dfd3d9f217a3adca8b43b13409820ac3f43fb15eba3e20",
    "https://esm.sh/scmp@2.1.0/denonext/scmp.mjs": "057985554d566fee26c06c4111f9c304ff0ff3f774ddb7f597848cd14412c073",
    "https://esm.sh/scmp@2.1.0?target=denonext": "d514bc23ce4fd49780b7764b206c3ab80de52f5b3455dc9deb660e9a6921976a",
    "https://esm.sh/semver@7.7.1/denonext/semver.mjs": "f1d8c45a097d5f2da9662be5ff2087f1e4af9ebeb9b0c2eeeb0c90d74fa7a14c",
    "https://esm.sh/semver@7.7.1?target=denonext": "7d6e1f9de61981f17d0e5153d48b77475e3433225ce9265ad77206afe216c5c8",
    "https://esm.sh/side-channel-list@1.0.0/denonext/side-channel-list.mjs": "615fd6bc8c12cf76f305e9037fa5d9c68683b513f05c28b282d6b6158b08fa00",
    "https://esm.sh/side-channel-list@1.0.0?target=denonext": "aa5947fc9e50ab024e202112fe8cbe16726adf354252de20c040258214c75ea5",
    "https://esm.sh/side-channel-map@1.0.1/denonext/side-channel-map.mjs": "5c6c38348826aa2b41eb5654fff235ae06a06c6f0b02ad736b6f226704d7043a",
    "https://esm.sh/side-channel-map@1.0.1?target=denonext": "8b59be4ffd58b5654971b600ca894755e9277c9be88dbfcc5673b2e85d8d30ec",
    "https://esm.sh/side-channel-weakmap@1.0.2/denonext/side-channel-weakmap.mjs": "5bee9551eadb611a71937950a614bd9d46ca5139afbb20e28321c1704953b367",
    "https://esm.sh/side-channel-weakmap@1.0.2?target=denonext": "f6ca783896c64a8ca09f483a7809e053e4e31b1569b5c5251ed5813561330dfe",
    "https://esm.sh/side-channel@1.1.0/denonext/side-channel.mjs": "2b14f5c6f2fc136405c1bda1897e81a87993ee525b4eff74232b8e6cacf9b759",
    "https://esm.sh/side-channel@1.1.0?target=denonext": "af0b34fab98933edb9b50119e3383d0f2df5451b179ded5e92007d6f773d12e2",
    "https://esm.sh/supports-color@10.0.0/denonext/supports-color.mjs": "239cd39d0828e1a018dee102748da869b1b75c38fe6a9c0c8f0bd4ffbd3e1ea1",
    "https://esm.sh/supports-color@10.0.0?target=denonext": "4895255248e4ba0cbcce9437003dccf3658b1ac1d1e8eba5225fb8194c454ee1",
    "https://esm.sh/twilio@4.21.0": "72bb85679c868cc1fb02fb57ef75957010b5d82d4f7c4a4d1d2ac88bcd4dbfd5",
    "https://esm.sh/twilio@4.21.0/denonext/twilio.mjs": "10f9964fb07615eee7fe1080d8d475cb71d946640f24d2b71af7620558acc9fa",
    "https://esm.sh/url-parse@1.5.10/denonext/url-parse.mjs": "32deda7590b084ed40e10552c56abf38d46b983dfb25102c3e5a19720385557a",
    "https://esm.sh/url-parse@1.5.10?target=denonext": "b301fcd411b6aa47b9fed837cc5b7ff75c6c94c702ba138f27b39cd6062cb714",
    "https://esm.sh/xmlbuilder@13.0.2/denonext/xmlbuilder.mjs": "13f9a7543d27f0c00b44de4971d50060e1949948a305e2a5cc899b828fdd3730",
    "https://esm.sh/xmlbuilder@13.0.2?target=denonext": "9928d334a6a5d3ecca31f3020f1b9e43b50963be9c0794819c49feeea3519768"
  }
}
